
Microsoft Visual Studio Solution File, Format Version 12.00
# Visual Studio Version 17
VisualStudioVersion = 17.0.31903.59
MinimumVisualStudioVersion = 10.0.40219.1
Project("{FAE04EC0-301F-11D3-BF4B-00C04F79EFBC}") = "MindSetCSharp1_0.Console", "MindSetCSharp1_0.Console\MindSetCSharp1_0.Console.csproj", "{397D3490-A1A0-4ADE-871A-0F85204BFAA4}"
EndProject
Project("{FAE04EC0-301F-11D3-BF4B-00C04F79EFBC}") = "MindSetCSharp1_2.Console", "MindSetCSharp1_2.Console\MindSetCSharp1_2.Console.csproj", "{1BEBE0AD-A634-4167-82E6-DBC4F08428E4}"
EndProject
Project("{FAE04EC0-301F-11D3-BF4B-00C04F79EFBC}") = "MindSetCSharp2_0.Console", "MindSetCSharp2_0.Console\MindSetCSharp2_0.Console.csproj", "{F3F3C69A-8C0F-4D2B-A501-25143E537B96}"
EndProject
Project("{FAE04EC0-301F-11D3-BF4B-00C04F79EFBC}") = "MindSetCSharp3_0.Console", "MindSetCSharp3_0.Console\MindSetCSharp3_0.Console.csproj", "{1B3BDA68-414F-4948-B355-8E6087D9A0C8}"
EndProject
Project("{FAE04EC0-301F-11D3-BF4B-00C04F79EFBC}") = "MindSetCSharp4_0.Console", "MindSetCSharp4_0.Console\MindSetCSharp4_0.Console.csproj", "{F5F87DB8-D4EF-4EA9-A58C-154E588F47B1}"
EndProject
Project("{FAE04EC0-301F-11D3-BF4B-00C04F79EFBC}") = "MindSetCSharp5_0.Console", "MindSetCSharp5_0.Console\MindSetCSharp5_0.Console.csproj", "{A996C3F9-EDD2-42A9-BEF6-190B16F4472B}"
EndProject
Project("{FAE04EC0-301F-11D3-BF4B-00C04F79EFBC}") = "MindSetCSharp7_0.Console", "MindSetCSharp7_0.Console\MindSetCSharp7_0.Console.csproj", "{4702245E-603D-4ACA-BD23-3C72CF2AE29F}"
EndProject
Project("{FAE04EC0-301F-11D3-BF4B-00C04F79EFBC}") = "MindSetCSharp7_1.Console", "MindSetCSharp7_1.Console\MindSetCSharp7_1.Console.csproj", "{DCD99A06-465B-445D-BEBD-0D7EA9A57867}"
EndProject
Project("{FAE04EC0-301F-11D3-BF4B-00C04F79EFBC}") = "MindSetCSharp7_2.Console", "MindSetCSharp7_2.Console\MindSetCSharp7_2.Console.csproj", "{04C4387E-701B-4161-BB93-20911A0D6961}"
EndProject
Project("{FAE04EC0-301F-11D3-BF4B-00C04F79EFBC}") = "MindSetCSharp7_3.Console", "MindSetCSharp7_3.Console\MindSetCSharp7_3.Console.csproj", "{A3B36C25-6103-43E4-8150-6BAF65C1F1AD}"
EndProject
Project("{FAE04EC0-301F-11D3-BF4B-00C04F79EFBC}") = "MindSetCSharp8_0.Console", "MindSetCSharp8_0.Console\MindSetCSharp8_0.Console.csproj", "{44EDA74C-EDB9-41BC-83EA-3CBE219750D7}"
EndProject
Project("{FAE04EC0-301F-11D3-BF4B-00C04F79EFBC}") = "MindSetCSharp9_0.Console", "MindSetCSharp9_0.Console\MindSetCSharp9_0.Console.csproj", "{AB3DB3E8-592A-497A-A32C-92C577628BD5}"
EndProject
Project("{FAE04EC0-301F-11D3-BF4B-00C04F79EFBC}") = "MindSetCSharp10_0.Console", "MindSetCSharp10_0.Console\MindSetCSharp10_0.Console.csproj", "{6034B258-1C7F-4FB2-BD97-3B0B04B92074}"
EndProject
Project("{FAE04EC0-301F-11D3-BF4B-00C04F79EFBC}") = "MindSetCSharp11_0.Console", "MindSetCSharp11_0.Console\MindSetCSharp11_0.Console.csproj", "{FDA8F3A0-1C5C-4916-8A05-18259A303F45}"
EndProject
Project("{FAE04EC0-301F-11D3-BF4B-00C04F79EFBC}") = "MindSetCSharp12_0.Console", "MindSetCSharp12_0.Console\MindSetCSharp12_0.Console.csproj", "{B671D26B-2EB0-4B42-859D-1E31263F91BF}"
EndProject
Project("{FAE04EC0-301F-11D3-BF4B-00C04F79EFBC}") = "MindSetCSharp13_0.Console", "MindSetCSharp13_0.Console\MindSetCSharp13_0.Console.csproj", "{F53FC617-9540-4498-8ECA-48AB0E0F6A5F}"
EndProject
Project("{FAE04EC0-301F-11D3-BF4B-00C04F79EFBC}") = "MindSetCSharp14_0.Console", "MindSetCSharp14_0.Console\MindSetCSharp14_0.Console.csproj", "{F920D0DD-5F24-489D-BC73-6C6F607CCF9E}"
EndProject
Project("{FAE04EC0-301F-11D3-BF4B-00C04F79EFBC}") = "MindSetCSharp15_0.Console", "MindSetCSharp15_0.Console\MindSetCSharp15_0.Console.csproj", "{99DDA8C3-D993-4F96-BC62-E75279CEB69E}"
EndProject
Global
	GlobalSection(SolutionConfigurationPlatforms) = preSolution
		Debug|Any CPU = Debug|Any CPU
		Debug|x64 = Debug|x64
		Debug|x86 = Debug|x86
		Release|Any CPU = Release|Any CPU
		Release|x64 = Release|x64
		Release|x86 = Release|x86
	EndGlobalSection
	GlobalSection(ProjectConfigurationPlatforms) = postSolution
		{397D3490-A1A0-4ADE-871A-0F85204BFAA4}.Debug|Any CPU.ActiveCfg = Debug|Any CPU
		{397D3490-A1A0-4ADE-871A-0F85204BFAA4}.Debug|Any CPU.Build.0 = Debug|Any CPU
		{397D3490-A1A0-4ADE-871A-0F85204BFAA4}.Debug|x64.ActiveCfg = Debug|Any CPU
		{397D3490-A1A0-4ADE-871A-0F85204BFAA4}.Debug|x64.Build.0 = Debug|Any CPU
		{397D3490-A1A0-4ADE-871A-0F85204BFAA4}.Debug|x86.ActiveCfg = Debug|Any CPU
		{397D3490-A1A0-4ADE-871A-0F85204BFAA4}.Debug|x86.Build.0 = Debug|Any CPU
		{397D3490-A1A0-4ADE-871A-0F85204BFAA4}.Release|Any CPU.ActiveCfg = Release|Any CPU
		{397D3490-A1A0-4ADE-871A-0F85204BFAA4}.Release|Any CPU.Build.0 = Release|Any CPU
		{397D3490-A1A0-4ADE-871A-0F85204BFAA4}.Release|x64.ActiveCfg = Release|Any CPU
		{397D3490-A1A0-4ADE-871A-0F85204BFAA4}.Release|x64.Build.0 = Release|Any CPU
		{397D3490-A1A0-4ADE-871A-0F85204BFAA4}.Release|x86.ActiveCfg = Release|Any CPU
		{397D3490-A1A0-4ADE-871A-0F85204BFAA4}.Release|x86.Build.0 = Release|Any CPU
		{1BEBE0AD-A634-4167-82E6-DBC4F08428E4}.Debug|Any CPU.ActiveCfg = Debug|Any CPU
		{1BEBE0AD-A634-4167-82E6-DBC4F08428E4}.Debug|Any CPU.Build.0 = Debug|Any CPU
		{1BEBE0AD-A634-4167-82E6-DBC4F08428E4}.Debug|x64.ActiveCfg = Debug|Any CPU
		{1BEBE0AD-A634-4167-82E6-DBC4F08428E4}.Debug|x64.Build.0 = Debug|Any CPU
		{1BEBE0AD-A634-4167-82E6-DBC4F08428E4}.Debug|x86.ActiveCfg = Debug|Any CPU
		{1BEBE0AD-A634-4167-82E6-DBC4F08428E4}.Debug|x86.Build.0 = Debug|Any CPU
		{1BEBE0AD-A634-4167-82E6-DBC4F08428E4}.Release|Any CPU.ActiveCfg = Release|Any CPU
		{1BEBE0AD-A634-4167-82E6-DBC4F08428E4}.Release|Any CPU.Build.0 = Release|Any CPU
		{1BEBE0AD-A634-4167-82E6-DBC4F08428E4}.Release|x64.ActiveCfg = Release|Any CPU
		{1BEBE0AD-A634-4167-82E6-DBC4F08428E4}.Release|x64.Build.0 = Release|Any CPU
		{1BEBE0AD-A634-4167-82E6-DBC4F08428E4}.Release|x86.ActiveCfg = Release|Any CPU
		{1BEBE0AD-A634-4167-82E6-DBC4F08428E4}.Release|x86.Build.0 = Release|Any CPU
		{F3F3C69A-8C0F-4D2B-A501-25143E537B96}.Debug|Any CPU.ActiveCfg = Debug|Any CPU
		{F3F3C69A-8C0F-4D2B-A501-25143E537B96}.Debug|Any CPU.Build.0 = Debug|Any CPU
		{F3F3C69A-8C0F-4D2B-A501-25143E537B96}.Debug|x64.ActiveCfg = Debug|Any CPU
		{F3F3C69A-8C0F-4D2B-A501-25143E537B96}.Debug|x64.Build.0 = Debug|Any CPU
		{F3F3C69A-8C0F-4D2B-A501-25143E537B96}.Debug|x86.ActiveCfg = Debug|Any CPU
		{F3F3C69A-8C0F-4D2B-A501-25143E537B96}.Debug|x86.Build.0 = Debug|Any CPU
		{F3F3C69A-8C0F-4D2B-A501-25143E537B96}.Release|Any CPU.ActiveCfg = Release|Any CPU
		{F3F3C69A-8C0F-4D2B-A501-25143E537B96}.Release|Any CPU.Build.0 = Release|Any CPU
		{F3F3C69A-8C0F-4D2B-A501-25143E537B96}.Release|x64.ActiveCfg = Release|Any CPU
		{F3F3C69A-8C0F-4D2B-A501-25143E537B96}.Release|x64.Build.0 = Release|Any CPU
		{F3F3C69A-8C0F-4D2B-A501-25143E537B96}.Release|x86.ActiveCfg = Release|Any CPU
		{F3F3C69A-8C0F-4D2B-A501-25143E537B96}.Release|x86.Build.0 = Release|Any CPU
		{1B3BDA68-414F-4948-B355-8E6087D9A0C8}.Debug|Any CPU.ActiveCfg = Debug|Any CPU
		{1B3BDA68-414F-4948-B355-8E6087D9A0C8}.Debug|Any CPU.Build.0 = Debug|Any CPU
		{1B3BDA68-414F-4948-B355-8E6087D9A0C8}.Debug|x64.ActiveCfg = Debug|Any CPU
		{1B3BDA68-414F-4948-B355-8E6087D9A0C8}.Debug|x64.Build.0 = Debug|Any CPU
		{1B3BDA68-414F-4948-B355-8E6087D9A0C8}.Debug|x86.ActiveCfg = Debug|Any CPU
		{1B3BDA68-414F-4948-B355-8E6087D9A0C8}.Debug|x86.Build.0 = Debug|Any CPU
		{1B3BDA68-414F-4948-B355-8E6087D9A0C8}.Release|Any CPU.ActiveCfg = Release|Any CPU
		{1B3BDA68-414F-4948-B355-8E6087D9A0C8}.Release|Any CPU.Build.0 = Release|Any CPU
		{1B3BDA68-414F-4948-B355-8E6087D9A0C8}.Release|x64.ActiveCfg = Release|Any CPU
		{1B3BDA68-414F-4948-B355-8E6087D9A0C8}.Release|x64.Build.0 = Release|Any CPU
		{1B3BDA68-414F-4948-B355-8E6087D9A0C8}.Release|x86.ActiveCfg = Release|Any CPU
		{1B3BDA68-414F-4948-B355-8E6087D9A0C8}.Release|x86.Build.0 = Release|Any CPU
		{F5F87DB8-D4EF-4EA9-A58C-154E588F47B1}.Debug|Any CPU.ActiveCfg = Debug|Any CPU
		{F5F87DB8-D4EF-4EA9-A58C-154E588F47B1}.Debug|Any CPU.Build.0 = Debug|Any CPU
		{F5F87DB8-D4EF-4EA9-A58C-154E588F47B1}.Debug|x64.ActiveCfg = Debug|Any CPU
		{F5F87DB8-D4EF-4EA9-A58C-154E588F47B1}.Debug|x64.Build.0 = Debug|Any CPU
		{F5F87DB8-D4EF-4EA9-A58C-154E588F47B1}.Debug|x86.ActiveCfg = Debug|Any CPU
		{F5F87DB8-D4EF-4EA9-A58C-154E588F47B1}.Debug|x86.Build.0 = Debug|Any CPU
		{F5F87DB8-D4EF-4EA9-A58C-154E588F47B1}.Release|Any CPU.ActiveCfg = Release|Any CPU
		{F5F87DB8-D4EF-4EA9-A58C-154E588F47B1}.Release|Any CPU.Build.0 = Release|Any CPU
		{F5F87DB8-D4EF-4EA9-A58C-154E588F47B1}.Release|x64.ActiveCfg = Release|Any CPU
		{F5F87DB8-D4EF-4EA9-A58C-154E588F47B1}.Release|x64.Build.0 = Release|Any CPU
		{F5F87DB8-D4EF-4EA9-A58C-154E588F47B1}.Release|x86.ActiveCfg = Release|Any CPU
		{F5F87DB8-D4EF-4EA9-A58C-154E588F47B1}.Release|x86.Build.0 = Release|Any CPU
		{A996C3F9-EDD2-42A9-BEF6-190B16F4472B}.Debug|Any CPU.ActiveCfg = Debug|Any CPU
		{A996C3F9-EDD2-42A9-BEF6-190B16F4472B}.Debug|Any CPU.Build.0 = Debug|Any CPU
		{A996C3F9-EDD2-42A9-BEF6-190B16F4472B}.Debug|x64.ActiveCfg = Debug|Any CPU
		{A996C3F9-EDD2-42A9-BEF6-190B16F4472B}.Debug|x64.Build.0 = Debug|Any CPU
		{A996C3F9-EDD2-42A9-BEF6-190B16F4472B}.Debug|x86.ActiveCfg = Debug|Any CPU
		{A996C3F9-EDD2-42A9-BEF6-190B16F4472B}.Debug|x86.Build.0 = Debug|Any CPU
		{A996C3F9-EDD2-42A9-BEF6-190B16F4472B}.Release|Any CPU.ActiveCfg = Release|Any CPU
		{A996C3F9-EDD2-42A9-BEF6-190B16F4472B}.Release|Any CPU.Build.0 = Release|Any CPU
		{A996C3F9-EDD2-42A9-BEF6-190B16F4472B}.Release|x64.ActiveCfg = Release|Any CPU
		{A996C3F9-EDD2-42A9-BEF6-190B16F4472B}.Release|x64.Build.0 = Release|Any CPU
		{A996C3F9-EDD2-42A9-BEF6-190B16F4472B}.Release|x86.ActiveCfg = Release|Any CPU
		{A996C3F9-EDD2-42A9-BEF6-190B16F4472B}.Release|x86.Build.0 = Release|Any CPU
		{4702245E-603D-4ACA-BD23-3C72CF2AE29F}.Debug|Any CPU.ActiveCfg = Debug|Any CPU
		{4702245E-603D-4ACA-BD23-3C72CF2AE29F}.Debug|Any CPU.Build.0 = Debug|Any CPU
		{4702245E-603D-4ACA-BD23-3C72CF2AE29F}.Debug|x64.ActiveCfg = Debug|Any CPU
		{4702245E-603D-4ACA-BD23-3C72CF2AE29F}.Debug|x64.Build.0 = Debug|Any CPU
		{4702245E-603D-4ACA-BD23-3C72CF2AE29F}.Debug|x86.ActiveCfg = Debug|Any CPU
		{4702245E-603D-4ACA-BD23-3C72CF2AE29F}.Debug|x86.Build.0 = Debug|Any CPU
		{4702245E-603D-4ACA-BD23-3C72CF2AE29F}.Release|Any CPU.ActiveCfg = Release|Any CPU
		{4702245E-603D-4ACA-BD23-3C72CF2AE29F}.Release|Any CPU.Build.0 = Release|Any CPU
		{4702245E-603D-4ACA-BD23-3C72CF2AE29F}.Release|x64.ActiveCfg = Release|Any CPU
		{4702245E-603D-4ACA-BD23-3C72CF2AE29F}.Release|x64.Build.0 = Release|Any CPU
		{4702245E-603D-4ACA-BD23-3C72CF2AE29F}.Release|x86.ActiveCfg = Release|Any CPU
		{4702245E-603D-4ACA-BD23-3C72CF2AE29F}.Release|x86.Build.0 = Release|Any CPU
		{DCD99A06-465B-445D-BEBD-0D7EA9A57867}.Debug|Any CPU.ActiveCfg = Debug|Any CPU
		{DCD99A06-465B-445D-BEBD-0D7EA9A57867}.Debug|Any CPU.Build.0 = Debug|Any CPU
		{DCD99A06-465B-445D-BEBD-0D7EA9A57867}.Debug|x64.ActiveCfg = Debug|Any CPU
		{DCD99A06-465B-445D-BEBD-0D7EA9A57867}.Debug|x64.Build.0 = Debug|Any CPU
		{DCD99A06-465B-445D-BEBD-0D7EA9A57867}.Debug|x86.ActiveCfg = Debug|Any CPU
		{DCD99A06-465B-445D-BEBD-0D7EA9A57867}.Debug|x86.Build.0 = Debug|Any CPU
		{DCD99A06-465B-445D-BEBD-0D7EA9A57867}.Release|Any CPU.ActiveCfg = Release|Any CPU
		{DCD99A06-465B-445D-BEBD-0D7EA9A57867}.Release|Any CPU.Build.0 = Release|Any CPU
		{DCD99A06-465B-445D-BEBD-0D7EA9A57867}.Release|x64.ActiveCfg = Release|Any CPU
		{DCD99A06-465B-445D-BEBD-0D7EA9A57867}.Release|x64.Build.0 = Release|Any CPU
		{DCD99A06-465B-445D-BEBD-0D7EA9A57867}.Release|x86.ActiveCfg = Release|Any CPU
		{DCD99A06-465B-445D-BEBD-0D7EA9A57867}.Release|x86.Build.0 = Release|Any CPU
		{04C4387E-701B-4161-BB93-20911A0D6961}.Debug|Any CPU.ActiveCfg = Debug|Any CPU
		{04C4387E-701B-4161-BB93-20911A0D6961}.Debug|Any CPU.Build.0 = Debug|Any CPU
		{04C4387E-701B-4161-BB93-20911A0D6961}.Debug|x64.ActiveCfg = Debug|Any CPU
		{04C4387E-701B-4161-BB93-20911A0D6961}.Debug|x64.Build.0 = Debug|Any CPU
		{04C4387E-701B-4161-BB93-20911A0D6961}.Debug|x86.ActiveCfg = Debug|Any CPU
		{04C4387E-701B-4161-BB93-20911A0D6961}.Debug|x86.Build.0 = Debug|Any CPU
		{04C4387E-701B-4161-BB93-20911A0D6961}.Release|Any CPU.ActiveCfg = Release|Any CPU
		{04C4387E-701B-4161-BB93-20911A0D6961}.Release|Any CPU.Build.0 = Release|Any CPU
		{04C4387E-701B-4161-BB93-20911A0D6961}.Release|x64.ActiveCfg = Release|Any CPU
		{04C4387E-701B-4161-BB93-20911A0D6961}.Release|x64.Build.0 = Release|Any CPU
		{04C4387E-701B-4161-BB93-20911A0D6961}.Release|x86.ActiveCfg = Release|Any CPU
		{04C4387E-701B-4161-BB93-20911A0D6961}.Release|x86.Build.0 = Release|Any CPU
		{A3B36C25-6103-43E4-8150-6BAF65C1F1AD}.Debug|Any CPU.ActiveCfg = Debug|Any CPU
		{A3B36C25-6103-43E4-8150-6BAF65C1F1AD}.Debug|Any CPU.Build.0 = Debug|Any CPU
		{A3B36C25-6103-43E4-8150-6BAF65C1F1AD}.Debug|x64.ActiveCfg = Debug|Any CPU
		{A3B36C25-6103-43E4-8150-6BAF65C1F1AD}.Debug|x64.Build.0 = Debug|Any CPU
		{A3B36C25-6103-43E4-8150-6BAF65C1F1AD}.Debug|x86.ActiveCfg = Debug|Any CPU
		{A3B36C25-6103-43E4-8150-6BAF65C1F1AD}.Debug|x86.Build.0 = Debug|Any CPU
		{A3B36C25-6103-43E4-8150-6BAF65C1F1AD}.Release|Any CPU.ActiveCfg = Release|Any CPU
		{A3B36C25-6103-43E4-8150-6BAF65C1F1AD}.Release|Any CPU.Build.0 = Release|Any CPU
		{A3B36C25-6103-43E4-8150-6BAF65C1F1AD}.Release|x64.ActiveCfg = Release|Any CPU
		{A3B36C25-6103-43E4-8150-6BAF65C1F1AD}.Release|x64.Build.0 = Release|Any CPU
		{A3B36C25-6103-43E4-8150-6BAF65C1F1AD}.Release|x86.ActiveCfg = Release|Any CPU
		{A3B36C25-6103-43E4-8150-6BAF65C1F1AD}.Release|x86.Build.0 = Release|Any CPU
		{44EDA74C-EDB9-41BC-83EA-3CBE219750D7}.Debug|Any CPU.ActiveCfg = Debug|Any CPU
		{44EDA74C-EDB9-41BC-83EA-3CBE219750D7}.Debug|Any CPU.Build.0 = Debug|Any CPU
		{44EDA74C-EDB9-41BC-83EA-3CBE219750D7}.Debug|x64.ActiveCfg = Debug|Any CPU
		{44EDA74C-EDB9-41BC-83EA-3CBE219750D7}.Debug|x64.Build.0 = Debug|Any CPU
		{44EDA74C-EDB9-41BC-83EA-3CBE219750D7}.Debug|x86.ActiveCfg = Debug|Any CPU
		{44EDA74C-EDB9-41BC-83EA-3CBE219750D7}.Debug|x86.Build.0 = Debug|Any CPU
		{44EDA74C-EDB9-41BC-83EA-3CBE219750D7}.Release|Any CPU.ActiveCfg = Release|Any CPU
		{44EDA74C-EDB9-41BC-83EA-3CBE219750D7}.Release|Any CPU.Build.0 = Release|Any CPU
		{44EDA74C-EDB9-41BC-83EA-3CBE219750D7}.Release|x64.ActiveCfg = Release|Any CPU
		{44EDA74C-EDB9-41BC-83EA-3CBE219750D7}.Release|x64.Build.0 = Release|Any CPU
		{44EDA74C-EDB9-41BC-83EA-3CBE219750D7}.Release|x86.ActiveCfg = Release|Any CPU
		{44EDA74C-EDB9-41BC-83EA-3CBE219750D7}.Release|x86.Build.0 = Release|Any CPU
		{AB3DB3E8-592A-497A-A32C-92C577628BD5}.Debug|Any CPU.ActiveCfg = Debug|Any CPU
		{AB3DB3E8-592A-497A-A32C-92C577628BD5}.Debug|Any CPU.Build.0 = Debug|Any CPU
		{AB3DB3E8-592A-497A-A32C-92C577628BD5}.Debug|x64.ActiveCfg = Debug|Any CPU
		{AB3DB3E8-592A-497A-A32C-92C577628BD5}.Debug|x64.Build.0 = Debug|Any CPU
		{AB3DB3E8-592A-497A-A32C-92C577628BD5}.Debug|x86.ActiveCfg = Debug|Any CPU
		{AB3DB3E8-592A-497A-A32C-92C577628BD5}.Debug|x86.Build.0 = Debug|Any CPU
		{AB3DB3E8-592A-497A-A32C-92C577628BD5}.Release|Any CPU.ActiveCfg = Release|Any CPU
		{AB3DB3E8-592A-497A-A32C-92C577628BD5}.Release|Any CPU.Build.0 = Release|Any CPU
		{AB3DB3E8-592A-497A-A32C-92C577628BD5}.Release|x64.ActiveCfg = Release|Any CPU
		{AB3DB3E8-592A-497A-A32C-92C577628BD5}.Release|x64.Build.0 = Release|Any CPU
		{AB3DB3E8-592A-497A-A32C-92C577628BD5}.Release|x86.ActiveCfg = Release|Any CPU
		{AB3DB3E8-592A-497A-A32C-92C577628BD5}.Release|x86.Build.0 = Release|Any CPU
		{6034B258-1C7F-4FB2-BD97-3B0B04B92074}.Debug|Any CPU.ActiveCfg = Debug|Any CPU
		{6034B258-1C7F-4FB2-BD97-3B0B04B92074}.Debug|Any CPU.Build.0 = Debug|Any CPU
		{6034B258-1C7F-4FB2-BD97-3B0B04B92074}.Debug|x64.ActiveCfg = Debug|Any CPU
		{6034B258-1C7F-4FB2-BD97-3B0B04B92074}.Debug|x64.Build.0 = Debug|Any CPU
		{6034B258-1C7F-4FB2-BD97-3B0B04B92074}.Debug|x86.ActiveCfg = Debug|Any CPU
		{6034B258-1C7F-4FB2-BD97-3B0B04B92074}.Debug|x86.Build.0 = Debug|Any CPU
		{6034B258-1C7F-4FB2-BD97-3B0B04B92074}.Release|Any CPU.ActiveCfg = Release|Any CPU
		{6034B258-1C7F-4FB2-BD97-3B0B04B92074}.Release|Any CPU.Build.0 = Release|Any CPU
		{6034B258-1C7F-4FB2-BD97-3B0B04B92074}.Release|x64.ActiveCfg = Release|Any CPU
		{6034B258-1C7F-4FB2-BD97-3B0B04B92074}.Release|x64.Build.0 = Release|Any CPU
		{6034B258-1C7F-4FB2-BD97-3B0B04B92074}.Release|x86.ActiveCfg = Release|Any CPU
		{6034B258-1C7F-4FB2-BD97-3B0B04B92074}.Release|x86.Build.0 = Release|Any CPU
		{FDA8F3A0-1C5C-4916-8A05-18259A303F45}.Debug|Any CPU.ActiveCfg = Debug|Any CPU
		{FDA8F3A0-1C5C-4916-8A05-18259A303F45}.Debug|Any CPU.Build.0 = Debug|Any CPU
		{FDA8F3A0-1C5C-4916-8A05-18259A303F45}.Debug|x64.ActiveCfg = Debug|Any CPU
		{FDA8F3A0-1C5C-4916-8A05-18259A303F45}.Debug|x64.Build.0 = Debug|Any CPU
		{FDA8F3A0-1C5C-4916-8A05-18259A303F45}.Debug|x86.ActiveCfg = Debug|Any CPU
		{FDA8F3A0-1C5C-4916-8A05-18259A303F45}.Debug|x86.Build.0 = Debug|Any CPU
		{FDA8F3A0-1C5C-4916-8A05-18259A303F45}.Release|Any CPU.ActiveCfg = Release|Any CPU
		{FDA8F3A0-1C5C-4916-8A05-18259A303F45}.Release|Any CPU.Build.0 = Release|Any CPU
		{FDA8F3A0-1C5C-4916-8A05-18259A303F45}.Release|x64.ActiveCfg = Release|Any CPU
		{FDA8F3A0-1C5C-4916-8A05-18259A303F45}.Release|x64.Build.0 = Release|Any CPU
		{FDA8F3A0-1C5C-4916-8A05-18259A303F45}.Release|x86.ActiveCfg = Release|Any CPU
		{FDA8F3A0-1C5C-4916-8A05-18259A303F45}.Release|x86.Build.0 = Release|Any CPU
		{B671D26B-2EB0-4B42-859D-1E31263F91BF}.Debug|Any CPU.ActiveCfg = Debug|Any CPU
		{B671D26B-2EB0-4B42-859D-1E31263F91BF}.Debug|Any CPU.Build.0 = Debug|Any CPU
		{B671D26B-2EB0-4B42-859D-1E31263F91BF}.Debug|x64.ActiveCfg = Debug|Any CPU
		{B671D26B-2EB0-4B42-859D-1E31263F91BF}.Debug|x64.Build.0 = Debug|Any CPU
		{B671D26B-2EB0-4B42-859D-1E31263F91BF}.Debug|x86.ActiveCfg = Debug|Any CPU
		{B671D26B-2EB0-4B42-859D-1E31263F91BF}.Debug|x86.Build.0 = Debug|Any CPU
		{B671D26B-2EB0-4B42-859D-1E31263F91BF}.Release|Any CPU.ActiveCfg = Release|Any CPU
		{B671D26B-2EB0-4B42-859D-1E31263F91BF}.Release|Any CPU.Build.0 = Release|Any CPU
		{B671D26B-2EB0-4B42-859D-1E31263F91BF}.Release|x64.ActiveCfg = Release|Any CPU
		{B671D26B-2EB0-4B42-859D-1E31263F91BF}.Release|x64.Build.0 = Release|Any CPU
		{B671D26B-2EB0-4B42-859D-1E31263F91BF}.Release|x86.ActiveCfg = Release|Any CPU
		{B671D26B-2EB0-4B42-859D-1E31263F91BF}.Release|x86.Build.0 = Release|Any CPU
		{F53FC617-9540-4498-8ECA-48AB0E0F6A5F}.Debug|Any CPU.ActiveCfg = Debug|Any CPU
		{F53FC617-9540-4498-8ECA-48AB0E0F6A5F}.Debug|Any CPU.Build.0 = Debug|Any CPU
		{F53FC617-9540-4498-8ECA-48AB0E0F6A5F}.Debug|x64.ActiveCfg = Debug|Any CPU
		{F53FC617-9540-4498-8ECA-48AB0E0F6A5F}.Debug|x64.Build.0 = Debug|Any CPU
		{F53FC617-9540-4498-8ECA-48AB0E0F6A5F}.Debug|x86.ActiveCfg = Debug|Any CPU
		{F53FC617-9540-4498-8ECA-48AB0E0F6A5F}.Debug|x86.Build.0 = Debug|Any CPU
		{F53FC617-9540-4498-8ECA-48AB0E0F6A5F}.Release|Any CPU.ActiveCfg = Release|Any CPU
		{F53FC617-9540-4498-8ECA-48AB0E0F6A5F}.Release|Any CPU.Build.0 = Release|Any CPU
		{F53FC617-9540-4498-8ECA-48AB0E0F6A5F}.Release|x64.ActiveCfg = Release|Any CPU
		{F53FC617-9540-4498-8ECA-48AB0E0F6A5F}.Release|x64.Build.0 = Release|Any CPU
		{F53FC617-9540-4498-8ECA-48AB0E0F6A5F}.Release|x86.ActiveCfg = Release|Any CPU
		{F53FC617-9540-4498-8ECA-48AB0E0F6A5F}.Release|x86.Build.0 = Release|Any CPU
		{F920D0DD-5F24-489D-BC73-6C6F607CCF9E}.Debug|Any CPU.ActiveCfg = Debug|Any CPU
		{F920D0DD-5F24-489D-BC73-6C6F607CCF9E}.Debug|Any CPU.Build.0 = Debug|Any CPU
		{F920D0DD-5F24-489D-BC73-6C6F607CCF9E}.Debug|x64.ActiveCfg = Debug|Any CPU
		{F920D0DD-5F24-489D-BC73-6C6F607CCF9E}.Debug|x64.Build.0 = Debug|Any CPU
		{F920D0DD-5F24-489D-BC73-6C6F607CCF9E}.Debug|x86.ActiveCfg = Debug|Any CPU
		{F920D0DD-5F24-489D-BC73-6C6F607CCF9E}.Debug|x86.Build.0 = Debug|Any CPU
		{F920D0DD-5F24-489D-BC73-6C6F607CCF9E}.Release|Any CPU.ActiveCfg = Release|Any CPU
		{F920D0DD-5F24-489D-BC73-6C6F607CCF9E}.Release|Any CPU.Build.0 = Release|Any CPU
		{F920D0DD-5F24-489D-BC73-6C6F607CCF9E}.Release|x64.ActiveCfg = Release|Any CPU
		{F920D0DD-5F24-489D-BC73-6C6F607CCF9E}.Release|x64.Build.0 = Release|Any CPU
		{F920D0DD-5F24-489D-BC73-6C6F607CCF9E}.Release|x86.ActiveCfg = Release|Any CPU
		{F920D0DD-5F24-489D-BC73-6C6F607CCF9E}.Release|x86.Build.0 = Release|Any CPU
		{99DDA8C3-D993-4F96-BC62-E75279CEB69E}.Debug|Any CPU.ActiveCfg = Debug|Any CPU
		{99DDA8C3-D993-4F96-BC62-E75279CEB69E}.Debug|Any CPU.Build.0 = Debug|Any CPU
		{99DDA8C3-D993-4F96-BC62-E75279CEB69E}.Debug|x64.ActiveCfg = Debug|Any CPU
		{99DDA8C3-D993-4F96-BC62-E75279CEB69E}.Debug|x64.Build.0 = Debug|Any CPU
		{99DDA8C3-D993-4F96-BC62-E75279CEB69E}.Debug|x86.ActiveCfg = Debug|Any CPU
		{99DDA8C3-D993-4F96-BC62-E75279CEB69E}.Debug|x86.Build.0 = Debug|Any CPU
		{99DDA8C3-D993-4F96-BC62-E75279CEB69E}.Release|Any CPU.ActiveCfg = Release|Any CPU
		{99DDA8C3-D993-4F96-BC62-E75279CEB69E}.Release|Any CPU.Build.0 = Release|Any CPU
		{99DDA8C3-D993-4F96-BC62-E75279CEB69E}.Release|x64.ActiveCfg = Release|Any CPU
		{99DDA8C3-D993-4F96-BC62-E75279CEB69E}.Release|x64.Build.0 = Release|Any CPU
		{99DDA8C3-D993-4F96-BC62-E75279CEB69E}.Release|x86.ActiveCfg = Release|Any CPU
		{99DDA8C3-D993-4F96-BC62-E75279CEB69E}.Release|x86.Build.0 = Release|Any CPU
	EndGlobalSection
	GlobalSection(SolutionProperties) = preSolution
		HideSolutionNode = FALSE
	EndGlobalSection
EndGlobal
